
Microsoft Visual Studio Solution File, Format Version 10.00
# Visual Studio 2008
Project("{F184B08F-C81C-45F6-A57F-5ABD9991F28F}") = "BMS-JK", "BMS-JK\BMS-JK.vbproj", "{6AAA62C1-C3BE-4E7D-B724-A9CAAA20303B}"
EndProject
Project("{54435603-DBB4-11D2-8724-00A0C9A8B90C}") = "BANK", "BANK\BANK.vdproj", "{C24D0EF7-421F-489D-AFA2-653E68EDDE10}"
EndProject
Global
	GlobalSection(SolutionConfigurationPlatforms) = preSolution
		Debug|Any CPU = Debug|Any CPU
		Release|Any CPU = Release|Any CPU
	EndGlobalSection
	GlobalSection(ProjectConfigurationPlatforms) = postSolution
		{6AAA62C1-C3BE-4E7D-B724-A9CAAA20303B}.Debug|Any CPU.ActiveCfg = Debug|Any CPU
		{6AAA62C1-C3BE-4E7D-B724-A9CAAA20303B}.Debug|Any CPU.Build.0 = Debug|Any CPU
		{6AAA62C1-C3BE-4E7D-B724-A9CAAA20303B}.Release|Any CPU.ActiveCfg = Release|Any CPU
		{6AAA62C1-C3BE-4E7D-B724-A9CAAA20303B}.Release|Any CPU.Build.0 = Release|Any CPU
		{C24D0EF7-421F-489D-AFA2-653E68EDDE10}.Debug|Any CPU.ActiveCfg = Debug
		{C24D0EF7-421F-489D-AFA2-653E68EDDE10}.Debug|Any CPU.Build.0 = Debug
		{C24D0EF7-421F-489D-AFA2-653E68EDDE10}.Release|Any CPU.ActiveCfg = Release
	EndGlobalSection
	GlobalSection(SolutionProperties) = preSolution
		HideSolutionNode = FALSE
	EndGlobalSection
EndGlobal
